
Microsoft Visual Studio Solution File, Format Version 12.00
# Visual Studio Version 17
VisualStudioVersion = 17.7.34221.43
MinimumVisualStudioVersion = 10.0.40219.1
Project("{FAE04EC0-301F-11D3-BF4B-00C04F79EFBC}") = "textc#", "textc#.csproj", "{106E17AE-AD57-4398-BEE5-C1C9F1BC17AF}"
EndProject
Global
	GlobalSection(SolutionConfigurationPlatforms) = preSolution
		Debug|Any CPU = Debug|Any CPU
		Release|Any CPU = Release|Any CPU
	EndGlobalSection
	GlobalSection(ProjectConfigurationPlatforms) = postSolution
		{106E17AE-AD57-4398-BEE5-C1C9F1BC17AF}.Debug|Any CPU.ActiveCfg = Debug|Any CPU
		{106E17AE-AD57-4398-BEE5-C1C9F1BC17AF}.Debug|Any CPU.Build.0 = Debug|Any CPU
		{106E17AE-AD57-4398-BEE5-C1C9F1BC17AF}.Release|Any CPU.ActiveCfg = Release|Any CPU
		{106E17AE-AD57-4398-BEE5-C1C9F1BC17AF}.Release|Any CPU.Build.0 = Release|Any CPU
	EndGlobalSection
	GlobalSection(SolutionProperties) = preSolution
		HideSolutionNode = FALSE
	EndGlobalSection
	GlobalSection(ExtensibilityGlobals) = postSolution
		SolutionGuid = {805E2481-3110-4675-A648-552F75CC3380}
	EndGlobalSection
EndGlobal
