
Microsoft Visual Studio Solution File, Format Version 12.00
# Visual Studio Version 17
VisualStudioVersion = 17.7.34221.43
MinimumVisualStudioVersion = 10.0.40219.1
Project("{FAE04EC0-301F-11D3-BF4B-00C04F79EFBC}") = "new", "new.csproj", "{578873D2-DD01-45A9-B2B6-41379BFFAEF0}"
EndProject
Global
	GlobalSection(SolutionConfigurationPlatforms) = preSolution
		Debug|Any CPU = Debug|Any CPU
		Release|Any CPU = Release|Any CPU
	EndGlobalSection
	GlobalSection(ProjectConfigurationPlatforms) = postSolution
		{578873D2-DD01-45A9-B2B6-41379BFFAEF0}.Debug|Any CPU.ActiveCfg = Debug|Any CPU
		{578873D2-DD01-45A9-B2B6-41379BFFAEF0}.Debug|Any CPU.Build.0 = Debug|Any CPU
		{578873D2-DD01-45A9-B2B6-41379BFFAEF0}.Release|Any CPU.ActiveCfg = Release|Any CPU
		{578873D2-DD01-45A9-B2B6-41379BFFAEF0}.Release|Any CPU.Build.0 = Release|Any CPU
	EndGlobalSection
	GlobalSection(SolutionProperties) = preSolution
		HideSolutionNode = FALSE
	EndGlobalSection
	GlobalSection(ExtensibilityGlobals) = postSolution
		SolutionGuid = {CDAA9EC4-3C75-4418-95F7-99C114EC5C8F}
	EndGlobalSection
EndGlobal
