
Microsoft Visual Studio Solution File, Format Version 12.00
# Visual Studio Version 17
VisualStudioVersion = 17.7.34221.43
MinimumVisualStudioVersion = 10.0.40219.1
Project("{FAE04EC0-301F-11D3-BF4B-00C04F79EFBC}") = "float", "float.csproj", "{3584AB63-367E-481F-B549-DD1D2FF9E259}"
EndProject
Global
	GlobalSection(SolutionConfigurationPlatforms) = preSolution
		Debug|Any CPU = Debug|Any CPU
		Release|Any CPU = Release|Any CPU
	EndGlobalSection
	GlobalSection(ProjectConfigurationPlatforms) = postSolution
		{3584AB63-367E-481F-B549-DD1D2FF9E259}.Debug|Any CPU.ActiveCfg = Debug|Any CPU
		{3584AB63-367E-481F-B549-DD1D2FF9E259}.Debug|Any CPU.Build.0 = Debug|Any CPU
		{3584AB63-367E-481F-B549-DD1D2FF9E259}.Release|Any CPU.ActiveCfg = Release|Any CPU
		{3584AB63-367E-481F-B549-DD1D2FF9E259}.Release|Any CPU.Build.0 = Release|Any CPU
	EndGlobalSection
	GlobalSection(SolutionProperties) = preSolution
		HideSolutionNode = FALSE
	EndGlobalSection
	GlobalSection(ExtensibilityGlobals) = postSolution
		SolutionGuid = {759DF0AA-C329-474D-9918-D3F7CA9D740A}
	EndGlobalSection
EndGlobal
