
Microsoft Visual Studio Solution File, Format Version 12.00
# Visual Studio Version 17
VisualStudioVersion = 17.8.34316.72
MinimumVisualStudioVersion = 10.0.40219.1
Project("{FAE04EC0-301F-11D3-BF4B-00C04F79EFBC}") = "texta", "texta.csproj", "{9B6C38A3-373E-40D8-AAF6-868E49285E2B}"
EndProject
Global
	GlobalSection(SolutionConfigurationPlatforms) = preSolution
		Debug|Any CPU = Debug|Any CPU
		Release|Any CPU = Release|Any CPU
	EndGlobalSection
	GlobalSection(ProjectConfigurationPlatforms) = postSolution
		{9B6C38A3-373E-40D8-AAF6-868E49285E2B}.Debug|Any CPU.ActiveCfg = Debug|Any CPU
		{9B6C38A3-373E-40D8-AAF6-868E49285E2B}.Debug|Any CPU.Build.0 = Debug|Any CPU
		{9B6C38A3-373E-40D8-AAF6-868E49285E2B}.Release|Any CPU.ActiveCfg = Release|Any CPU
		{9B6C38A3-373E-40D8-AAF6-868E49285E2B}.Release|Any CPU.Build.0 = Release|Any CPU
	EndGlobalSection
	GlobalSection(SolutionProperties) = preSolution
		HideSolutionNode = FALSE
	EndGlobalSection
	GlobalSection(ExtensibilityGlobals) = postSolution
		SolutionGuid = {8267C1BF-C403-4288-8DCE-8EB3FB66D53E}
	EndGlobalSection
EndGlobal
